{
  "name": "@qudag/ruvector-index",
  "version": "1.0.0",
  "lockfileVersion": 3,
  "requires": true,
  "packages": {
    "": {
      "name": "@qudag/ruvector-index",
      "version": "1.0.0",
      "license": "ISC",
      "dependencies": {
        "@ruvector/core": "0.1.32"
      },
      "engines": {
        "node": ">=22"
      }
    },
    "node_modules/@ruvector/core": {
      "version": "0.1.32",
      "resolved": "https://registry.npmjs.org/@ruvector/core/-/core-0.1.32.tgz",
      "integrity": "sha512-tctBcZ9//AXHh6tntaYW3ezHN5aUlhv/kAwJlZgQiwmFhTL8Vl/WqqEQd+Uibdpbo2D2LQI8oRc/pehNFcMq7w==",
      "license": "MIT",
      "engines": {
        "node": ">=18.0.0"
      },
      "optionalDependencies": {
        "ruvector-core-darwin-arm64": "0.1.30",
        "ruvector-core-darwin-x64": "0.1.30",
        "ruvector-core-linux-arm64-gnu": "0.1.30",
        "ruvector-core-linux-x64-gnu": "0.1.30",
        "ruvector-core-win32-x64-msvc": "0.1.30"
      }
    },
    "node_modules/ruvector-core-darwin-arm64": {
      "version": "0.1.30",
      "resolved": "https://registry.npmjs.org/ruvector-core-darwin-arm64/-/ruvector-core-darwin-arm64-0.1.30.tgz",
      "integrity": "sha512-2UxrmErYik+1SU8Qd7hK5tYWZpmS/4P25juNEATzpZoSbtW2MHsgnweytXB3rLDQoL+1IZB5Ov6t+W0wy05jIg==",
      "cpu": [
        "arm64"
      ],
      "license": "MIT",
      "optional": true,
      "os": [
        "darwin"
      ],
      "engines": {
        "node": ">= 18"
      }
    },
    "node_modules/ruvector-core-darwin-x64": {
      "version": "0.1.30",
      "resolved": "https://registry.npmjs.org/ruvector-core-darwin-x64/-/ruvector-core-darwin-x64-0.1.30.tgz",
      "integrity": "sha512-ba0vyYYNB94tS7wkz3oWd1U6dGq1PAxO2skVgJ8tlrX1uxAzmff9rciF9mst5B53DJVkDhmVN/mDyqa6UGnNKg==",
      "cpu": [
        "x64"
      ],
      "license": "MIT",
      "optional": true,
      "os": [
        "darwin"
      ],
      "engines": {
        "node": ">= 18"
      }
    },
    "node_modules/ruvector-core-linux-arm64-gnu": {
      "version": "0.1.30",
      "resolved": "https://registry.npmjs.org/ruvector-core-linux-arm64-gnu/-/ruvector-core-linux-arm64-gnu-0.1.30.tgz",
      "integrity": "sha512-+dLsq9MCv7il60i/7/3BeF3AkT7BGOkCv5P53ljaWBrMdAY1Q0lS75Mb3ze24j2pEcd1tP/X92mHBPjsB6uBGw==",
      "cpu": [
        "arm64"
      ],
      "license": "MIT",
      "optional": true,
      "os": [
        "linux"
      ],
      "engines": {
        "node": ">= 18"
      }
    },
    "node_modules/ruvector-core-linux-x64-gnu": {
      "version": "0.1.30",
      "resolved": "https://registry.npmjs.org/ruvector-core-linux-x64-gnu/-/ruvector-core-linux-x64-gnu-0.1.30.tgz",
      "integrity": "sha512-w4rm2Jakm+tNI1Ogf2S0Nq8ghH8F+tzf0LtrCra1Ox5xCoeDItN6yrGkXCplm4qiKdIVAhzVYdwEoTOYiAbSmA==",
      "cpu": [
        "x64"
      ],
      "license": "MIT",
      "optional": true,
      "os": [
        "linux"
      ],
      "engines": {
        "node": ">= 18"
      }
    },
    "node_modules/ruvector-core-win32-x64-msvc": {
      "version": "0.1.30",
      "resolved": "https://registry.npmjs.org/ruvector-core-win32-x64-msvc/-/ruvector-core-win32-x64-msvc-0.1.30.tgz",
      "integrity": "sha512-tR3gB5AGe8QJyd8Tq/8HPrRBpbYiof3rE8Qxc2jiK4TfFq7egJN3Ak4Q+dknkcqldfOZjVNYrC312lmT+FbF9g==",
      "cpu": [
        "x64"
      ],
      "license": "MIT",
      "optional": true,
      "os": [
        "win32"
      ],
      "engines": {
        "node": ">= 18"
      }
    }
  }
}
